
Microsoft Visual Studio Solution File, Format Version 12.00
# Visual Studio Version 17
VisualStudioVersion = 17.5.002.0
MinimumVisualStudioVersion = 10.0.40219.1
Project("{9A19103F-16F7-4668-BE54-9A1E7A4F7556}") = "CRUD1", "CRUD1\CRUD1.csproj", "{A7DD8005-523F-4D2D-BA94-39288D03F925}"
EndProject
Global
	GlobalSection(SolutionConfigurationPlatforms) = preSolution
		Debug|Any CPU = Debug|Any CPU
		Release|Any CPU = Release|Any CPU
	EndGlobalSection
	GlobalSection(ProjectConfigurationPlatforms) = postSolution
		{A7DD8005-523F-4D2D-BA94-39288D03F925}.Debug|Any CPU.ActiveCfg = Debug|Any CPU
		{A7DD8005-523F-4D2D-BA94-39288D03F925}.Debug|Any CPU.Build.0 = Debug|Any CPU
		{A7DD8005-523F-4D2D-BA94-39288D03F925}.Release|Any CPU.ActiveCfg = Release|Any CPU
		{A7DD8005-523F-4D2D-BA94-39288D03F925}.Release|Any CPU.Build.0 = Release|Any CPU
	EndGlobalSection
	GlobalSection(SolutionProperties) = preSolution
		HideSolutionNode = FALSE
	EndGlobalSection
	GlobalSection(ExtensibilityGlobals) = postSolution
		SolutionGuid = {20ADFF38-051B-4E3B-9D33-B87C177D2259}
	EndGlobalSection
EndGlobal
